
Microsoft Visual Studio Solution File, Format Version 12.00
# Visual Studio 14
VisualStudioVersion = 14.0.25123.0
MinimumVisualStudioVersion = 10.0.40219.1
Project("{FAE04EC0-301F-11D3-BF4B-00C04F79EFBC}") = "NetFlix", "NetFlix\NetFlix.csproj", "{0AF7D62D-1026-4FB5-BE74-BCB0176EAFF8}"
EndProject
Project("{FAE04EC0-301F-11D3-BF4B-00C04F79EFBC}") = "NetFlix.Tests", "NetFlix.Tests\NetFlix.Tests.csproj", "{A932F191-4A3B-4DD8-829A-F1B0959B0045}"
EndProject
Global
	GlobalSection(SolutionConfigurationPlatforms) = preSolution
		Debug|Any CPU = Debug|Any CPU
		Release|Any CPU = Release|Any CPU
	EndGlobalSection
	GlobalSection(ProjectConfigurationPlatforms) = postSolution
		{0AF7D62D-1026-4FB5-BE74-BCB0176EAFF8}.Debug|Any CPU.ActiveCfg = Debug|Any CPU
		{0AF7D62D-1026-4FB5-BE74-BCB0176EAFF8}.Debug|Any CPU.Build.0 = Debug|Any CPU
		{0AF7D62D-1026-4FB5-BE74-BCB0176EAFF8}.Release|Any CPU.ActiveCfg = Release|Any CPU
		{0AF7D62D-1026-4FB5-BE74-BCB0176EAFF8}.Release|Any CPU.Build.0 = Release|Any CPU
		{A932F191-4A3B-4DD8-829A-F1B0959B0045}.Debug|Any CPU.ActiveCfg = Debug|Any CPU
		{A932F191-4A3B-4DD8-829A-F1B0959B0045}.Debug|Any CPU.Build.0 = Debug|Any CPU
		{A932F191-4A3B-4DD8-829A-F1B0959B0045}.Release|Any CPU.ActiveCfg = Release|Any CPU
		{A932F191-4A3B-4DD8-829A-F1B0959B0045}.Release|Any CPU.Build.0 = Release|Any CPU
	EndGlobalSection
	GlobalSection(SolutionProperties) = preSolution
		HideSolutionNode = FALSE
	EndGlobalSection
EndGlobal
